{
  "pins" : [
    {
      "identity" : "trust-sdk-ios",
      "kind" : "remoteSourceControl",
      "location" : "https://github.com/miracl/trust-sdk-ios",
      "state" : {
        "revision" : "2b3a63e767779adda02220fd6cc1c6582bd17387",
        "version" : "1.14.0"
      }
    }
  ],
  "version" : 2
}
