{
  "pins" : [
    {
      "identity" : "trust-sdk-ios",
      "kind" : "remoteSourceControl",
      "location" : "https://github.com/miracl/trust-sdk-ios",
      "state" : {
        "revision" : "fb0bc5886241660e484271847ba0b8bfc4f17f81",
        "version" : "1.19.0"
      }
    }
  ],
  "version" : 2
}
