{
  "originHash" : "9125b56d633f6203477747ac6b98a2aa5b291025d21fd79190960ece0d9ff004",
  "pins" : [
    {
      "identity" : "trust-sdk-ios",
      "kind" : "remoteSourceControl",
      "location" : "https://github.com/miracl/trust-sdk-ios",
      "state" : {
        "revision" : "9c688287ca816edacea33ad3ec4fbd46e162feed",
        "version" : "1.6.2"
      }
    }
  ],
  "version" : 3
}
