{
  "pins" : [
    {
      "identity" : "trust-sdk-ios",
      "kind" : "remoteSourceControl",
      "location" : "https://github.com/miracl/trust-sdk-ios",
      "state" : {
        "revision" : "ea71487cce62b580509d402d4bf4de1d9f4ddac9",
        "version" : "1.19.1"
      }
    }
  ],
  "version" : 2
}
