PODS:
  - Flutter (1.0.0)
  - flutter_miracl_sdk (0.0.3):
    - Flutter
  - integration_test (0.0.1):
    - Flutter

DEPENDENCIES:
  - Flutter (from `Flutter`)
  - flutter_miracl_sdk (from `.symlinks/plugins/flutter_miracl_sdk/ios`)
  - integration_test (from `.symlinks/plugins/integration_test/ios`)

EXTERNAL SOURCES:
  Flutter:
    :path: Flutter
  flutter_miracl_sdk:
    :path: ".symlinks/plugins/flutter_miracl_sdk/ios"
  integration_test:
    :path: ".symlinks/plugins/integration_test/ios"

SPEC CHECKSUMS:
  Flutter: e0871f40cf51350855a761d2e70bf5af5b9b5de7
  flutter_miracl_sdk: 8e2ffea2318cfd0df8c306e6514eb98e95610255
  integration_test: 4a889634ef21a45d28d50d622cf412dc6d9f586e

PODFILE CHECKSUM: 4305caec6b40dde0ae97be1573c53de1882a07e5

COCOAPODS: 1.16.2
