{
  "pins" : [
    {
      "identity" : "trust-sdk-ios",
      "kind" : "remoteSourceControl",
      "location" : "https://github.com/miracl/trust-sdk-ios",
      "state" : {
        "revision" : "f1fffcd568c3e9c0b454a1976e4b7bc71cf36dfd",
        "version" : "1.10.1"
      }
    }
  ],
  "version" : 2
}
