{
  "pins" : [
    {
      "identity" : "trust-sdk-ios",
      "kind" : "remoteSourceControl",
      "location" : "https://github.com/miracl/trust-sdk-ios",
      "state" : {
        "revision" : "9e890257fb110b02ee533a8a45e120df4af57ccc",
        "version" : "1.1.0"
      }
    }
  ],
  "version" : 2
}
