{
  "pins" : [
    {
      "identity" : "trust-sdk-ios",
      "kind" : "remoteSourceControl",
      "location" : "https://github.com/miracl/trust-sdk-ios",
      "state" : {
        "revision" : "9c688287ca816edacea33ad3ec4fbd46e162feed",
        "version" : "1.6.2"
      }
    }
  ],
  "version" : 2
}
