{
  "pins" : [
    {
      "identity" : "trust-sdk-ios",
      "kind" : "remoteSourceControl",
      "location" : "https://github.com/miracl/trust-sdk-ios",
      "state" : {
        "revision" : "f50bd77e34d43ef1e5b22c87b94013793a54ef67",
        "version" : "1.2.0"
      }
    }
  ],
  "version" : 2
}
